{
  "requires": true,
  "lockfileVersion": 1,
  "dependencies": {
    "aframe-extras": {
      "version": "6.1.1",
      "resolved": "https://registry.npmjs.org/aframe-extras/-/aframe-extras-6.1.1.tgz",
      "integrity": "sha512-w3o3sKfQG+cwe1ZoKUxvMLehh0D/MlvFZeg2XuyIto+Nrs/kGLPcb/fsI5DXM4jociZ3wVQfqcA1BVF+0Nq45A==",
      "requires": {
        "three-pathfinding": "^0.7.0"
      }
    },
    "aframe-fps-counter-component": {
      "version": "1.0.1",
      "resolved": "https://registry.npmjs.org/aframe-fps-counter-component/-/aframe-fps-counter-component-1.0.1.tgz",
      "integrity": "sha1-zX6IgVM5Vvk14Vvz5la32WltScI="
    },
    "three-pathfinding": {
      "version": "0.7.0",
      "resolved": "https://registry.npmjs.org/three-pathfinding/-/three-pathfinding-0.7.0.tgz",
      "integrity": "sha512-UwWvzgio1UFe81n5jKHNzB4B+AG3wfZ54OKp7bTb1MHuC3cy6RTtr0dbbiPQQoqxzr+DRArR2DUwQSEknw5+nw=="
    }
  }
}
